// !$*UTF8*$!
{
	archiveVersion = 1;
	classes = {
	};
	objectVersion = 55;
	objects = {

/* Begin PBXBuildFile section */
		4C22634D2718CD690023D2E5 /* AppDelegate.swift in Sources */ = {isa = PBXBuildFile; fileRef = 4C22634C2718CD690023D2E5 /* AppDelegate.swift */; };
		4C22634F2718CD690023D2E5 /* SceneDelegate.swift in Sources */ = {isa = PBXBuildFile; fileRef = 4C22634E2718CD690023D2E5 /* SceneDelegate.swift */; };
		4C2263512718CD690023D2E5 /* CharacterListViewController.swift in Sources */ = {isa = PBXBuildFile; fileRef = 4C2263502718CD690023D2E5 /* CharacterListViewController.swift */; };
		4C2263572718CD690023D2E5 /* RickAndMorty.xcdatamodeld in Sources */ = {isa = PBXBuildFile; fileRef = 4C2263552718CD690023D2E5 /* RickAndMorty.xcdatamodeld */; };
		4C2263592718CD6D0023D2E5 /* Assets.xcassets in Resources */ = {isa = PBXBuildFile; fileRef = 4C2263582718CD6D0023D2E5 /* Assets.xcassets */; };
		4C22635C2718CD6D0023D2E5 /* LaunchScreen.storyboard in Resources */ = {isa = PBXBuildFile; fileRef = 4C22635A2718CD6D0023D2E5 /* LaunchScreen.storyboard */; };
		4C2263672718CD6D0023D2E5 /* RickAndMortyTests.swift in Sources */ = {isa = PBXBuildFile; fileRef = 4C2263662718CD6D0023D2E5 /* RickAndMortyTests.swift */; };
		4C2263712718CD6D0023D2E5 /* RickAndMortyUITests.swift in Sources */ = {isa = PBXBuildFile; fileRef = 4C2263702718CD6D0023D2E5 /* RickAndMortyUITests.swift */; };
		4C2263732718CD6D0023D2E5 /* RickAndMortyUITestsLaunchTests.swift in Sources */ = {isa = PBXBuildFile; fileRef = 4C2263722718CD6D0023D2E5 /* RickAndMortyUITestsLaunchTests.swift */; };
		4C2263852718D2F30023D2E5 /* CharacterListInteractor.swift in Sources */ = {isa = PBXBuildFile; fileRef = 4C2263842718D2F30023D2E5 /* CharacterListInteractor.swift */; };
		4C2263872718D30A0023D2E5 /* CharacterListRouter.swift in Sources */ = {isa = PBXBuildFile; fileRef = 4C2263862718D30A0023D2E5 /* CharacterListRouter.swift */; };
		4C2263892718D3850023D2E5 /* CharacterListPresenter.swift in Sources */ = {isa = PBXBuildFile; fileRef = 4C2263882718D3850023D2E5 /* CharacterListPresenter.swift */; };
		4C22638B2718D39F0023D2E5 /* CharacterListModels.swift in Sources */ = {isa = PBXBuildFile; fileRef = 4C22638A2718D39F0023D2E5 /* CharacterListModels.swift */; };
		4C22638D2718D3AC0023D2E5 /* CharacterListWorker.swift in Sources */ = {isa = PBXBuildFile; fileRef = 4C22638C2718D3AC0023D2E5 /* CharacterListWorker.swift */; };
/* End PBXBuildFile section */

/* Begin PBXContainerItemProxy section */
		4C2263632718CD6D0023D2E5 /* PBXContainerItemProxy */ = {
			isa = PBXContainerItemProxy;
			containerPortal = 4C2263412718CD690023D2E5 /* Project object */;
			proxyType = 1;
			remoteGlobalIDString = 4C2263482718CD690023D2E5;
			remoteInfo = RickAndMorty;
		};
		4C22636D2718CD6D0023D2E5 /* PBXContainerItemProxy */ = {
			isa = PBXContainerItemProxy;
			containerPortal = 4C2263412718CD690023D2E5 /* Project object */;
			proxyType = 1;
			remoteGlobalIDString = 4C2263482718CD690023D2E5;
			remoteInfo = RickAndMorty;
		};
/* End PBXContainerItemProxy section */

/* Begin PBXFileReference section */
		4C2263492718CD690023D2E5 /* RickAndMorty.app */ = {isa = PBXFileReference; explicitFileType = wrapper.application; includeInIndex = 0; path = RickAndMorty.app; sourceTree = BUILT_PRODUCTS_DIR; };
		4C22634C2718CD690023D2E5 /* AppDelegate.swift */ = {isa = PBXFileReference; lastKnownFileType = sourcecode.swift; path = AppDelegate.swift; sourceTree = "<group>"; };
		4C22634E2718CD690023D2E5 /* SceneDelegate.swift */ = {isa = PBXFileReference; lastKnownFileType = sourcecode.swift; path = SceneDelegate.swift; sourceTree = "<group>"; };
		4C2263502718CD690023D2E5 /* CharacterListViewController.swift */ = {isa = PBXFileReference; lastKnownFileType = sourcecode.swift; path = CharacterListViewController.swift; sourceTree = "<group>"; };
		4C2263562718CD690023D2E5 /* RickAndMorty.xcdatamodel */ = {isa = PBXFileReference; lastKnownFileType = wrapper.xcdatamodel; path = RickAndMorty.xcdatamodel; sourceTree = "<group>"; };
		4C2263582718CD6D0023D2E5 /* Assets.xcassets */ = {isa = PBXFileReference; lastKnownFileType = folder.assetcatalog; path = Assets.xcassets; sourceTree = "<group>"; };
		4C22635B2718CD6D0023D2E5 /* Base */ = {isa = PBXFileReference; lastKnownFileType = file.storyboard; name = Base; path = Base.lproj/LaunchScreen.storyboard; sourceTree = "<group>"; };
		4C22635D2718CD6D0023D2E5 /* Info.plist */ = {isa = PBXFileReference; lastKnownFileType = text.plist.xml; path = Info.plist; sourceTree = "<group>"; };
		4C2263622718CD6D0023D2E5 /* RickAndMortyTests.xctest */ = {isa = PBXFileReference; explicitFileType = wrapper.cfbundle; includeInIndex = 0; path = RickAndMortyTests.xctest; sourceTree = BUILT_PRODUCTS_DIR; };
		4C2263662718CD6D0023D2E5 /* RickAndMortyTests.swift */ = {isa = PBXFileReference; lastKnownFileType = sourcecode.swift; path = RickAndMortyTests.swift; sourceTree = "<group>"; };
		4C22636C2718CD6D0023D2E5 /* RickAndMortyUITests.xctest */ = {isa = PBXFileReference; explicitFileType = wrapper.cfbundle; includeInIndex = 0; path = RickAndMortyUITests.xctest; sourceTree = BUILT_PRODUCTS_DIR; };
		4C2263702718CD6D0023D2E5 /* RickAndMortyUITests.swift */ = {isa = PBXFileReference; lastKnownFileType = sourcecode.swift; path = RickAndMortyUITests.swift; sourceTree = "<group>"; };
		4C2263722718CD6D0023D2E5 /* RickAndMortyUITestsLaunchTests.swift */ = {isa = PBXFileReference; lastKnownFileType = sourcecode.swift; path = RickAndMortyUITestsLaunchTests.swift; sourceTree = "<group>"; };
		4C2263842718D2F30023D2E5 /* CharacterListInteractor.swift */ = {isa = PBXFileReference; lastKnownFileType = sourcecode.swift; path = CharacterListInteractor.swift; sourceTree = "<group>"; };
		4C2263862718D30A0023D2E5 /* CharacterListRouter.swift */ = {isa = PBXFileReference; lastKnownFileType = sourcecode.swift; path = CharacterListRouter.swift; sourceTree = "<group>"; };
		4C2263882718D3850023D2E5 /* CharacterListPresenter.swift */ = {isa = PBXFileReference; lastKnownFileType = sourcecode.swift; path = CharacterListPresenter.swift; sourceTree = "<group>"; };
		4C22638A2718D39F0023D2E5 /* CharacterListModels.swift */ = {isa = PBXFileReference; lastKnownFileType = sourcecode.swift; path = CharacterListModels.swift; sourceTree = "<group>"; };
		4C22638C2718D3AC0023D2E5 /* CharacterListWorker.swift */ = {isa = PBXFileReference; lastKnownFileType = sourcecode.swift; path = CharacterListWorker.swift; sourceTree = "<group>"; };
/* End PBXFileReference section */

/* Begin PBXFrameworksBuildPhase section */
		4C2263462718CD690023D2E5 /* Frameworks */ = {
			isa = PBXFrameworksBuildPhase;
			buildActionMask = 2147483647;
			files = (
			);
			runOnlyForDeploymentPostprocessing = 0;
		};
		4C22635F2718CD6D0023D2E5 /* Frameworks */ = {
			isa = PBXFrameworksBuildPhase;
			buildActionMask = 2147483647;
			files = (
			);
			runOnlyForDeploymentPostprocessing = 0;
		};
		4C2263692718CD6D0023D2E5 /* Frameworks */ = {
			isa = PBXFrameworksBuildPhase;
			buildActionMask = 2147483647;
			files = (
			);
			runOnlyForDeploymentPostprocessing = 0;
		};
/* End PBXFrameworksBuildPhase section */

/* Begin PBXGroup section */
		4C2263402718CD690023D2E5 = {
			isa = PBXGroup;
			children = (
				4C22634B2718CD690023D2E5 /* RickAndMorty */,
				4C2263652718CD6D0023D2E5 /* RickAndMortyTests */,
				4C22636F2718CD6D0023D2E5 /* RickAndMortyUITests */,
				4C22634A2718CD690023D2E5 /* Products */,
			);
			sourceTree = "<group>";
		};
		4C22634A2718CD690023D2E5 /* Products */ = {
			isa = PBXGroup;
			children = (
				4C2263492718CD690023D2E5 /* RickAndMorty.app */,
				4C2263622718CD6D0023D2E5 /* RickAndMortyTests.xctest */,
				4C22636C2718CD6D0023D2E5 /* RickAndMortyUITests.xctest */,
			);
			name = Products;
			sourceTree = "<group>";
		};
		4C22634B2718CD690023D2E5 /* RickAndMorty */ = {
			isa = PBXGroup;
			children = (
				4C22635D2718CD6D0023D2E5 /* Info.plist */,
				4C2263802718D13F0023D2E5 /* Application */,
				4C2263812718D1490023D2E5 /* Scenes */,
				4C22637F2718D1330023D2E5 /* Supporting-Files */,
			);
			path = RickAndMorty;
			sourceTree = "<group>";
		};
		4C2263652718CD6D0023D2E5 /* RickAndMortyTests */ = {
			isa = PBXGroup;
			children = (
				4C2263662718CD6D0023D2E5 /* RickAndMortyTests.swift */,
			);
			path = RickAndMortyTests;
			sourceTree = "<group>";
		};
		4C22636F2718CD6D0023D2E5 /* RickAndMortyUITests */ = {
			isa = PBXGroup;
			children = (
				4C2263702718CD6D0023D2E5 /* RickAndMortyUITests.swift */,
				4C2263722718CD6D0023D2E5 /* RickAndMortyUITestsLaunchTests.swift */,
			);
			path = RickAndMortyUITests;
			sourceTree = "<group>";
		};
		4C22637F2718D1330023D2E5 /* Supporting-Files */ = {
			isa = PBXGroup;
			children = (
				4C2263582718CD6D0023D2E5 /* Assets.xcassets */,
				4C22635A2718CD6D0023D2E5 /* LaunchScreen.storyboard */,
				4C2263552718CD690023D2E5 /* RickAndMorty.xcdatamodeld */,
			);
			path = "Supporting-Files";
			sourceTree = "<group>";
		};
		4C2263802718D13F0023D2E5 /* Application */ = {
			isa = PBXGroup;
			children = (
				4C22634C2718CD690023D2E5 /* AppDelegate.swift */,
				4C22634E2718CD690023D2E5 /* SceneDelegate.swift */,
			);
			path = Application;
			sourceTree = "<group>";
		};
		4C2263812718D1490023D2E5 /* Scenes */ = {
			isa = PBXGroup;
			children = (
				4C22638E2718D4C80023D2E5 /* CharacterList */,
			);
			path = Scenes;
			sourceTree = "<group>";
		};
		4C22638E2718D4C80023D2E5 /* CharacterList */ = {
			isa = PBXGroup;
			children = (
				4C2263502718CD690023D2E5 /* CharacterListViewController.swift */,
				4C2263842718D2F30023D2E5 /* CharacterListInteractor.swift */,
				4C2263882718D3850023D2E5 /* CharacterListPresenter.swift */,
				4C22638A2718D39F0023D2E5 /* CharacterListModels.swift */,
				4C22638C2718D3AC0023D2E5 /* CharacterListWorker.swift */,
				4C2263862718D30A0023D2E5 /* CharacterListRouter.swift */,
			);
			path = CharacterList;
			sourceTree = "<group>";
		};
/* End PBXGroup section */

/* Begin PBXNativeTarget section */
		4C2263482718CD690023D2E5 /* RickAndMorty */ = {
			isa = PBXNativeTarget;
			buildConfigurationList = 4C2263762718CD6D0023D2E5 /* Build configuration list for PBXNativeTarget "RickAndMorty" */;
			buildPhases = (
				4C2263452718CD690023D2E5 /* Sources */,
				4C2263462718CD690023D2E5 /* Frameworks */,
				4C2263472718CD690023D2E5 /* Resources */,
			);
			buildRules = (
			);
			dependencies = (
			);
			name = RickAndMorty;
			productName = RickAndMorty;
			productReference = 4C2263492718CD690023D2E5 /* RickAndMorty.app */;
			productType = "com.apple.product-type.application";
		};
		4C2263612718CD6D0023D2E5 /* RickAndMortyTests */ = {
			isa = PBXNativeTarget;
			buildConfigurationList = 4C2263792718CD6D0023D2E5 /* Build configuration list for PBXNativeTarget "RickAndMortyTests" */;
			buildPhases = (
				4C22635E2718CD6D0023D2E5 /* Sources */,
				4C22635F2718CD6D0023D2E5 /* Frameworks */,
				4C2263602718CD6D0023D2E5 /* Resources */,
			);
			buildRules = (
			);
			dependencies = (
				4C2263642718CD6D0023D2E5 /* PBXTargetDependency */,
			);
			name = RickAndMortyTests;
			productName = RickAndMortyTests;
			productReference = 4C2263622718CD6D0023D2E5 /* RickAndMortyTests.xctest */;
			productType = "com.apple.product-type.bundle.unit-test";
		};
		4C22636B2718CD6D0023D2E5 /* RickAndMortyUITests */ = {
			isa = PBXNativeTarget;
			buildConfigurationList = 4C22637C2718CD6D0023D2E5 /* Build configuration list for PBXNativeTarget "RickAndMortyUITests" */;
			buildPhases = (
				4C2263682718CD6D0023D2E5 /* Sources */,
				4C2263692718CD6D0023D2E5 /* Frameworks */,
				4C22636A2718CD6D0023D2E5 /* Resources */,
			);
			buildRules = (
			);
			dependencies = (
				4C22636E2718CD6D0023D2E5 /* PBXTargetDependency */,
			);
			name = RickAndMortyUITests;
			productName = RickAndMortyUITests;
			productReference = 4C22636C2718CD6D0023D2E5 /* RickAndMortyUITests.xctest */;
			productType = "com.apple.product-type.bundle.ui-testing";
		};
/* End PBXNativeTarget section */

/* Begin PBXProject section */
		4C2263412718CD690023D2E5 /* Project object */ = {
			isa = PBXProject;
			attributes = {
				BuildIndependentTargetsInParallel = 1;
				LastSwiftUpdateCheck = 1300;
				LastUpgradeCheck = 1300;
				TargetAttributes = {
					4C2263482718CD690023D2E5 = {
						CreatedOnToolsVersion = 13.0;
					};
					4C2263612718CD6D0023D2E5 = {
						CreatedOnToolsVersion = 13.0;
						TestTargetID = 4C2263482718CD690023D2E5;
					};
					4C22636B2718CD6D0023D2E5 = {
						CreatedOnToolsVersion = 13.0;
						TestTargetID = 4C2263482718CD690023D2E5;
					};
				};
			};
			buildConfigurationList = 4C2263442718CD690023D2E5 /* Build configuration list for PBXProject "RickAndMorty" */;
			compatibilityVersion = "Xcode 13.0";
			developmentRegion = en;
			hasScannedForEncodings = 0;
			knownRegions = (
				en,
				Base,
			);
			mainGroup = 4C2263402718CD690023D2E5;
			productRefGroup = 4C22634A2718CD690023D2E5 /* Products */;
			projectDirPath = "";
			projectRoot = "";
			targets = (
				4C2263482718CD690023D2E5 /* RickAndMorty */,
				4C2263612718CD6D0023D2E5 /* RickAndMortyTests */,
				4C22636B2718CD6D0023D2E5 /* RickAndMortyUITests */,
			);
		};
/* End PBXProject section */

/* Begin PBXResourcesBuildPhase section */
		4C2263472718CD690023D2E5 /* Resources */ = {
			isa = PBXResourcesBuildPhase;
			buildActionMask = 2147483647;
			files = (
				4C22635C2718CD6D0023D2E5 /* LaunchScreen.storyboard in Resources */,
				4C2263592718CD6D0023D2E5 /* Assets.xcassets in Resources */,
			);
			runOnlyForDeploymentPostprocessing = 0;
		};
		4C2263602718CD6D0023D2E5 /* Resources */ = {
			isa = PBXResourcesBuildPhase;
			buildActionMask = 2147483647;
			files = (
			);
			runOnlyForDeploymentPostprocessing = 0;
		};
		4C22636A2718CD6D0023D2E5 /* Resources */ = {
			isa = PBXResourcesBuildPhase;
			buildActionMask = 2147483647;
			files = (
			);
			runOnlyForDeploymentPostprocessing = 0;
		};
/* End PBXResourcesBuildPhase section */

/* Begin PBXSourcesBuildPhase section */
		4C2263452718CD690023D2E5 /* Sources */ = {
			isa = PBXSourcesBuildPhase;
			buildActionMask = 2147483647;
			files = (
				4C2263892718D3850023D2E5 /* CharacterListPresenter.swift in Sources */,
				4C22638D2718D3AC0023D2E5 /* CharacterListWorker.swift in Sources */,
				4C2263572718CD690023D2E5 /* RickAndMorty.xcdatamodeld in Sources */,
				4C2263512718CD690023D2E5 /* CharacterListViewController.swift in Sources */,
				4C22634D2718CD690023D2E5 /* AppDelegate.swift in Sources */,
				4C22634F2718CD690023D2E5 /* SceneDelegate.swift in Sources */,
				4C22638B2718D39F0023D2E5 /* CharacterListModels.swift in Sources */,
				4C2263872718D30A0023D2E5 /* CharacterListRouter.swift in Sources */,
				4C2263852718D2F30023D2E5 /* CharacterListInteractor.swift in Sources */,
			);
			runOnlyForDeploymentPostprocessing = 0;
		};
		4C22635E2718CD6D0023D2E5 /* Sources */ = {
			isa = PBXSourcesBuildPhase;
			buildActionMask = 2147483647;
			files = (
				4C2263672718CD6D0023D2E5 /* RickAndMortyTests.swift in Sources */,
			);
			runOnlyForDeploymentPostprocessing = 0;
		};
		4C2263682718CD6D0023D2E5 /* Sources */ = {
			isa = PBXSourcesBuildPhase;
			buildActionMask = 2147483647;
			files = (
				4C2263712718CD6D0023D2E5 /* RickAndMortyUITests.swift in Sources */,
				4C2263732718CD6D0023D2E5 /* RickAndMortyUITestsLaunchTests.swift in Sources */,
			);
			runOnlyForDeploymentPostprocessing = 0;
		};
/* End PBXSourcesBuildPhase section */

/* Begin PBXTargetDependency section */
		4C2263642718CD6D0023D2E5 /* PBXTargetDependency */ = {
			isa = PBXTargetDependency;
			target = 4C2263482718CD690023D2E5 /* RickAndMorty */;
			targetProxy = 4C2263632718CD6D0023D2E5 /* PBXContainerItemProxy */;
		};
		4C22636E2718CD6D0023D2E5 /* PBXTargetDependency */ = {
			isa = PBXTargetDependency;
			target = 4C2263482718CD690023D2E5 /* RickAndMorty */;
			targetProxy = 4C22636D2718CD6D0023D2E5 /* PBXContainerItemProxy */;
		};
/* End PBXTargetDependency section */

/* Begin PBXVariantGroup section */
		4C22635A2718CD6D0023D2E5 /* LaunchScreen.storyboard */ = {
			isa = PBXVariantGroup;
			children = (
				4C22635B2718CD6D0023D2E5 /* Base */,
			);
			name = LaunchScreen.storyboard;
			sourceTree = "<group>";
		};
/* End PBXVariantGroup section */

/* Begin XCBuildConfiguration section */
		4C2263742718CD6D0023D2E5 /* Debug */ = {
			isa = XCBuildConfiguration;
			buildSettings = {
				ALWAYS_SEARCH_USER_PATHS = NO;
				CLANG_ANALYZER_NONNULL = YES;
				CLANG_ANALYZER_NUMBER_OBJECT_CONVERSION = YES_AGGRESSIVE;
				CLANG_CXX_LANGUAGE_STANDARD = "gnu++17";
				CLANG_CXX_LIBRARY = "libc++";
				CLANG_ENABLE_MODULES = YES;
				CLANG_ENABLE_OBJC_ARC = YES;
				CLANG_ENABLE_OBJC_WEAK = YES;
				CLANG_WARN_BLOCK_CAPTURE_AUTORELEASING = YES;
				CLANG_WARN_BOOL_CONVERSION = YES;
				CLANG_WARN_COMMA = YES;
				CLANG_WARN_CONSTANT_CONVERSION = YES;
				CLANG_WARN_DEPRECATED_OBJC_IMPLEMENTATIONS = YES;
				CLANG_WARN_DIRECT_OBJC_ISA_USAGE = YES_ERROR;
				CLANG_WARN_DOCUMENTATION_COMMENTS = YES;
				CLANG_WARN_EMPTY_BODY = YES;
				CLANG_WARN_ENUM_CONVERSION = YES;
				CLANG_WARN_INFINITE_RECURSION = YES;
				CLANG_WARN_INT_CONVERSION = YES;
				CLANG_WARN_NON_LITERAL_NULL_CONVERSION = YES;
				CLANG_WARN_OBJC_IMPLICIT_RETAIN_SELF = YES;
				CLANG_WARN_OBJC_LITERAL_CONVERSION = YES;
				CLANG_WARN_OBJC_ROOT_CLASS = YES_ERROR;
				CLANG_WARN_QUOTED_INCLUDE_IN_FRAMEWORK_HEADER = YES;
				CLANG_WARN_RANGE_LOOP_ANALYSIS = YES;
				CLANG_WARN_STRICT_PROTOTYPES = YES;
				CLANG_WARN_SUSPICIOUS_MOVE = YES;
				CLANG_WARN_UNGUARDED_AVAILABILITY = YES_AGGRESSIVE;
				CLANG_WARN_UNREACHABLE_CODE = YES;
				CLANG_WARN__DUPLICATE_METHOD_MATCH = YES;
				COPY_PHASE_STRIP = NO;
				DEBUG_INFORMATION_FORMAT = dwarf;
				ENABLE_STRICT_OBJC_MSGSEND = YES;
				ENABLE_TESTABILITY = YES;
				GCC_C_LANGUAGE_STANDARD = gnu11;
				GCC_DYNAMIC_NO_PIC = NO;
				GCC_NO_COMMON_BLOCKS = YES;
				GCC_OPTIMIZATION_LEVEL = 0;
				GCC_PREPROCESSOR_DEFINITIONS = (
					"DEBUG=1",
					"$(inherited)",
				);
				GCC_WARN_64_TO_32_BIT_CONVERSION = YES;
				GCC_WARN_ABOUT_RETURN_TYPE = YES_ERROR;
				GCC_WARN_UNDECLARED_SELECTOR = YES;
				GCC_WARN_UNINITIALIZED_AUTOS = YES_AGGRESSIVE;
				GCC_WARN_UNUSED_FUNCTION = YES;
				GCC_WARN_UNUSED_VARIABLE = YES;
				IPHONEOS_DEPLOYMENT_TARGET = 15.0;
				MTL_ENABLE_DEBUG_INFO = INCLUDE_SOURCE;
				MTL_FAST_MATH = YES;
				ONLY_ACTIVE_ARCH = YES;
				SDKROOT = iphoneos;
				SWIFT_ACTIVE_COMPILATION_CONDITIONS = DEBUG;
				SWIFT_OPTIMIZATION_LEVEL = "-Onone";
			};
			name = Debug;
		};
		4C2263752718CD6D0023D2E5 /* Release */ = {
			isa = XCBuildConfiguration;
			buildSettings = {
				ALWAYS_SEARCH_USER_PATHS = NO;
				CLANG_ANALYZER_NONNULL = YES;
				CLANG_ANALYZER_NUMBER_OBJECT_CONVERSION = YES_AGGRESSIVE;
				CLANG_CXX_LANGUAGE_STANDARD = "gnu++17";
				CLANG_CXX_LIBRARY = "libc++";
				CLANG_ENABLE_MODULES = YES;
				CLANG_ENABLE_OBJC_ARC = YES;
				CLANG_ENABLE_OBJC_WEAK = YES;
				CLANG_WARN_BLOCK_CAPTURE_AUTORELEASING = YES;
				CLANG_WARN_BOOL_CONVERSION = YES;
				CLANG_WARN_COMMA = YES;
				CLANG_WARN_CONSTANT_CONVERSION = YES;
				CLANG_WARN_DEPRECATED_OBJC_IMPLEMENTATIONS = YES;
				CLANG_WARN_DIRECT_OBJC_ISA_USAGE = YES_ERROR;
				CLANG_WARN_DOCUMENTATION_COMMENTS = YES;
				CLANG_WARN_EMPTY_BODY = YES;
				CLANG_WARN_ENUM_CONVERSION = YES;
				CLANG_WARN_INFINITE_RECURSION = YES;
				CLANG_WARN_INT_CONVERSION = YES;
				CLANG_WARN_NON_LITERAL_NULL_CONVERSION = YES;
				CLANG_WARN_OBJC_IMPLICIT_RETAIN_SELF = YES;
				CLANG_WARN_OBJC_LITERAL_CONVERSION = YES;
				CLANG_WARN_OBJC_ROOT_CLASS = YES_ERROR;
				CLANG_WARN_QUOTED_INCLUDE_IN_FRAMEWORK_HEADER = YES;
				CLANG_WARN_RANGE_LOOP_ANALYSIS = YES;
				CLANG_WARN_STRICT_PROTOTYPES = YES;
				CLANG_WARN_SUSPICIOUS_MOVE = YES;
				CLANG_WARN_UNGUARDED_AVAILABILITY = YES_AGGRESSIVE;
				CLANG_WARN_UNREACHABLE_CODE = YES;
				CLANG_WARN__DUPLICATE_METHOD_MATCH = YES;
				COPY_PHASE_STRIP = NO;
				DEBUG_INFORMATION_FORMAT = "dwarf-with-dsym";
				ENABLE_NS_ASSERTIONS = NO;
				ENABLE_STRICT_OBJC_MSGSEND = YES;
				GCC_C_LANGUAGE_STANDARD = gnu11;
				GCC_NO_COMMON_BLOCKS = YES;
				GCC_WARN_64_TO_32_BIT_CONVERSION = YES;
				GCC_WARN_ABOUT_RETURN_TYPE = YES_ERROR;
				GCC_WARN_UNDECLARED_SELECTOR = YES;
				GCC_WARN_UNINITIALIZED_AUTOS = YES_AGGRESSIVE;
				GCC_WARN_UNUSED_FUNCTION = YES;
				GCC_WARN_UNUSED_VARIABLE = YES;
				IPHONEOS_DEPLOYMENT_TARGET = 15.0;
				MTL_ENABLE_DEBUG_INFO = NO;
				MTL_FAST_MATH = YES;
				SDKROOT = iphoneos;
				SWIFT_COMPILATION_MODE = wholemodule;
				SWIFT_OPTIMIZATION_LEVEL = "-O";
				VALIDATE_PRODUCT = YES;
			};
			name = Release;
		};
		4C2263772718CD6D0023D2E5 /* Debug */ = {
			isa = XCBuildConfiguration;
			buildSettings = {
				ASSETCATALOG_COMPILER_APPICON_NAME = AppIcon;
				ASSETCATALOG_COMPILER_GLOBAL_ACCENT_COLOR_NAME = AccentColor;
				CODE_SIGN_STYLE = Automatic;
				CURRENT_PROJECT_VERSION = 1;
				DEVELOPMENT_TEAM = H7BM7N56V5;
				GENERATE_INFOPLIST_FILE = YES;
				INFOPLIST_FILE = RickAndMorty/Info.plist;
				INFOPLIST_KEY_CFBundleDisplayName = "Rick and Morty";
				INFOPLIST_KEY_UIApplicationSupportsIndirectInputEvents = YES;
				INFOPLIST_KEY_UILaunchStoryboardName = LaunchScreen;
				INFOPLIST_KEY_UISupportedInterfaceOrientations_iPad = "UIInterfaceOrientationPortrait UIInterfaceOrientationPortraitUpsideDown UIInterfaceOrientationLandscapeLeft UIInterfaceOrientationLandscapeRight";
				INFOPLIST_KEY_UISupportedInterfaceOrientations_iPhone = "UIInterfaceOrientationPortrait UIInterfaceOrientationLandscapeLeft UIInterfaceOrientationLandscapeRight";
				LD_RUNPATH_SEARCH_PATHS = (
					"$(inherited)",
					"@executable_path/Frameworks",
				);
				MARKETING_VERSION = 0.1;
				PRODUCT_BUNDLE_IDENTIFIER = com.vcoutasso.RickAndMorty;
				PRODUCT_NAME = "$(TARGET_NAME)";
				SWIFT_EMIT_LOC_STRINGS = YES;
				SWIFT_VERSION = 5.0;
				TARGETED_DEVICE_FAMILY = 1;
			};
			name = Debug;
		};
		4C2263782718CD6D0023D2E5 /* Release */ = {
			isa = XCBuildConfiguration;
			buildSettings = {
				ASSETCATALOG_COMPILER_APPICON_NAME = AppIcon;
				ASSETCATALOG_COMPILER_GLOBAL_ACCENT_COLOR_NAME = AccentColor;
				CODE_SIGN_STYLE = Automatic;
				CURRENT_PROJECT_VERSION = 1;
				DEVELOPMENT_TEAM = H7BM7N56V5;
				GENERATE_INFOPLIST_FILE = YES;
				INFOPLIST_FILE = RickAndMorty/Info.plist;
				INFOPLIST_KEY_CFBundleDisplayName = "Rick and Morty";
				INFOPLIST_KEY_UIApplicationSupportsIndirectInputEvents = YES;
				INFOPLIST_KEY_UILaunchStoryboardName = LaunchScreen;
				INFOPLIST_KEY_UISupportedInterfaceOrientations_iPad = "UIInterfaceOrientationPortrait UIInterfaceOrientationPortraitUpsideDown UIInterfaceOrientationLandscapeLeft UIInterfaceOrientationLandscapeRight";
				INFOPLIST_KEY_UISupportedInterfaceOrientations_iPhone = "UIInterfaceOrientationPortrait UIInterfaceOrientationLandscapeLeft UIInterfaceOrientationLandscapeRight";
				LD_RUNPATH_SEARCH_PATHS = (
					"$(inherited)",
					"@executable_path/Frameworks",
				);
				MARKETING_VERSION = 0.1;
				PRODUCT_BUNDLE_IDENTIFIER = com.vcoutasso.RickAndMorty;
				PRODUCT_NAME = "$(TARGET_NAME)";
				SWIFT_EMIT_LOC_STRINGS = YES;
				SWIFT_VERSION = 5.0;
				TARGETED_DEVICE_FAMILY = 1;
			};
			name = Release;
		};
		4C22637A2718CD6D0023D2E5 /* Debug */ = {
			isa = XCBuildConfiguration;
			buildSettings = {
				ALWAYS_EMBED_SWIFT_STANDARD_LIBRARIES = YES;
				BUNDLE_LOADER = "$(TEST_HOST)";
				CODE_SIGN_STYLE = Automatic;
				CURRENT_PROJECT_VERSION = 1;
				DEVELOPMENT_TEAM = H7BM7N56V5;
				GENERATE_INFOPLIST_FILE = YES;
				IPHONEOS_DEPLOYMENT_TARGET = 15.0;
				LD_RUNPATH_SEARCH_PATHS = (
					"$(inherited)",
					"@executable_path/Frameworks",
					"@loader_path/Frameworks",
				);
				MARKETING_VERSION = 1.0;
				PRODUCT_BUNDLE_IDENTIFIER = com.vcoutasso.RickAndMortyTests;
				PRODUCT_NAME = "$(TARGET_NAME)";
				SWIFT_EMIT_LOC_STRINGS = NO;
				SWIFT_VERSION = 5.0;
				TARGETED_DEVICE_FAMILY = "1,2";
				TEST_HOST = "$(BUILT_PRODUCTS_DIR)/RickAndMorty.app/RickAndMorty";
			};
			name = Debug;
		};
		4C22637B2718CD6D0023D2E5 /* Release */ = {
			isa = XCBuildConfiguration;
			buildSettings = {
				ALWAYS_EMBED_SWIFT_STANDARD_LIBRARIES = YES;
				BUNDLE_LOADER = "$(TEST_HOST)";
				CODE_SIGN_STYLE = Automatic;
				CURRENT_PROJECT_VERSION = 1;
				DEVELOPMENT_TEAM = H7BM7N56V5;
				GENERATE_INFOPLIST_FILE = YES;
				IPHONEOS_DEPLOYMENT_TARGET = 15.0;
				LD_RUNPATH_SEARCH_PATHS = (
					"$(inherited)",
					"@executable_path/Frameworks",
					"@loader_path/Frameworks",
				);
				MARKETING_VERSION = 1.0;
				PRODUCT_BUNDLE_IDENTIFIER = com.vcoutasso.RickAndMortyTests;
				PRODUCT_NAME = "$(TARGET_NAME)";
				SWIFT_EMIT_LOC_STRINGS = NO;
				SWIFT_VERSION = 5.0;
				TARGETED_DEVICE_FAMILY = "1,2";
				TEST_HOST = "$(BUILT_PRODUCTS_DIR)/RickAndMorty.app/RickAndMorty";
			};
			name = Release;
		};
		4C22637D2718CD6D0023D2E5 /* Debug */ = {
			isa = XCBuildConfiguration;
			buildSettings = {
				ALWAYS_EMBED_SWIFT_STANDARD_LIBRARIES = YES;
				CODE_SIGN_STYLE = Automatic;
				CURRENT_PROJECT_VERSION = 1;
				DEVELOPMENT_TEAM = H7BM7N56V5;
				GENERATE_INFOPLIST_FILE = YES;
				LD_RUNPATH_SEARCH_PATHS = (
					"$(inherited)",
					"@executable_path/Frameworks",
					"@loader_path/Frameworks",
				);
				MARKETING_VERSION = 1.0;
				PRODUCT_BUNDLE_IDENTIFIER = com.vcoutasso.RickAndMortyUITests;
				PRODUCT_NAME = "$(TARGET_NAME)";
				SWIFT_EMIT_LOC_STRINGS = NO;
				SWIFT_VERSION = 5.0;
				TARGETED_DEVICE_FAMILY = "1,2";
				TEST_TARGET_NAME = RickAndMorty;
			};
			name = Debug;
		};
		4C22637E2718CD6D0023D2E5 /* Release */ = {
			isa = XCBuildConfiguration;
			buildSettings = {
				ALWAYS_EMBED_SWIFT_STANDARD_LIBRARIES = YES;
				CODE_SIGN_STYLE = Automatic;
				CURRENT_PROJECT_VERSION = 1;
				DEVELOPMENT_TEAM = H7BM7N56V5;
				GENERATE_INFOPLIST_FILE = YES;
				LD_RUNPATH_SEARCH_PATHS = (
					"$(inherited)",
					"@executable_path/Frameworks",
					"@loader_path/Frameworks",
				);
				MARKETING_VERSION = 1.0;
				PRODUCT_BUNDLE_IDENTIFIER = com.vcoutasso.RickAndMortyUITests;
				PRODUCT_NAME = "$(TARGET_NAME)";
				SWIFT_EMIT_LOC_STRINGS = NO;
				SWIFT_VERSION = 5.0;
				TARGETED_DEVICE_FAMILY = "1,2";
				TEST_TARGET_NAME = RickAndMorty;
			};
			name = Release;
		};
/* End XCBuildConfiguration section */

/* Begin XCConfigurationList section */
		4C2263442718CD690023D2E5 /* Build configuration list for PBXProject "RickAndMorty" */ = {
			isa = XCConfigurationList;
			buildConfigurations = (
				4C2263742718CD6D0023D2E5 /* Debug */,
				4C2263752718CD6D0023D2E5 /* Release */,
			);
			defaultConfigurationIsVisible = 0;
			defaultConfigurationName = Release;
		};
		4C2263762718CD6D0023D2E5 /* Build configuration list for PBXNativeTarget "RickAndMorty" */ = {
			isa = XCConfigurationList;
			buildConfigurations = (
				4C2263772718CD6D0023D2E5 /* Debug */,
				4C2263782718CD6D0023D2E5 /* Release */,
			);
			defaultConfigurationIsVisible = 0;
			defaultConfigurationName = Release;
		};
		4C2263792718CD6D0023D2E5 /* Build configuration list for PBXNativeTarget "RickAndMortyTests" */ = {
			isa = XCConfigurationList;
			buildConfigurations = (
				4C22637A2718CD6D0023D2E5 /* Debug */,
				4C22637B2718CD6D0023D2E5 /* Release */,
			);
			defaultConfigurationIsVisible = 0;
			defaultConfigurationName = Release;
		};
		4C22637C2718CD6D0023D2E5 /* Build configuration list for PBXNativeTarget "RickAndMortyUITests" */ = {
			isa = XCConfigurationList;
			buildConfigurations = (
				4C22637D2718CD6D0023D2E5 /* Debug */,
				4C22637E2718CD6D0023D2E5 /* Release */,
			);
			defaultConfigurationIsVisible = 0;
			defaultConfigurationName = Release;
		};
/* End XCConfigurationList section */

/* Begin XCVersionGroup section */
		4C2263552718CD690023D2E5 /* RickAndMorty.xcdatamodeld */ = {
			isa = XCVersionGroup;
			children = (
				4C2263562718CD690023D2E5 /* RickAndMorty.xcdatamodel */,
			);
			currentVersion = 4C2263562718CD690023D2E5 /* RickAndMorty.xcdatamodel */;
			path = RickAndMorty.xcdatamodeld;
			sourceTree = "<group>";
			versionGroupType = wrapper.xcdatamodel;
		};
/* End XCVersionGroup section */
	};
	rootObject = 4C2263412718CD690023D2E5 /* Project object */;
}
